// !$*UTF8*$!
{
	archiveVersion = 1;
	classes = {
	};
	objectVersion = 55;
	objects = {

/* Begin PBXBuildFile section */
		4BAF3A76EAF2E45344746B2D /* Pods_HotGistsTests.framework in Frameworks */ = {isa = PBXBuildFile; fileRef = FAD20A6648A390F8E179E4D7 /* Pods_HotGistsTests.framework */; };
		54F5451627CA76E900BD22A8 /* AppDelegate.swift in Sources */ = {isa = PBXBuildFile; fileRef = 54F5451527CA76E900BD22A8 /* AppDelegate.swift */; };
		54F5451827CA76E900BD22A8 /* SceneDelegate.swift in Sources */ = {isa = PBXBuildFile; fileRef = 54F5451727CA76E900BD22A8 /* SceneDelegate.swift */; };
		54F5451A27CA76E900BD22A8 /* ViewController.swift in Sources */ = {isa = PBXBuildFile; fileRef = 54F5451927CA76E900BD22A8 /* ViewController.swift */; };
		54F5451F27CA76EA00BD22A8 /* Assets.xcassets in Resources */ = {isa = PBXBuildFile; fileRef = 54F5451E27CA76EA00BD22A8 /* Assets.xcassets */; };
		54F5452227CA76EA00BD22A8 /* LaunchScreen.storyboard in Resources */ = {isa = PBXBuildFile; fileRef = 54F5452027CA76EA00BD22A8 /* LaunchScreen.storyboard */; };
		54F5452D27CA76EB00BD22A8 /* HotGistsTests.swift in Sources */ = {isa = PBXBuildFile; fileRef = 54F5452C27CA76EB00BD22A8 /* HotGistsTests.swift */; };
		54F5453727CA76EB00BD22A8 /* HotGistsUITests.swift in Sources */ = {isa = PBXBuildFile; fileRef = 54F5453627CA76EB00BD22A8 /* HotGistsUITests.swift */; };
		54F5453927CA76EB00BD22A8 /* HotGistsUITestsLaunchTests.swift in Sources */ = {isa = PBXBuildFile; fileRef = 54F5453827CA76EB00BD22A8 /* HotGistsUITestsLaunchTests.swift */; };
		54F5454627CA782F00BD22A8 /* MainViewController.swift in Sources */ = {isa = PBXBuildFile; fileRef = 54F5454527CA782F00BD22A8 /* MainViewController.swift */; };
		A1770363686AD9DAF9184551 /* Pods_HotGists.framework in Frameworks */ = {isa = PBXBuildFile; fileRef = 4A670C5B9ACF74492ABFBC24 /* Pods_HotGists.framework */; };
		C82089FB36FA1C2F57412404 /* Pods_HotGists_HotGistsUITests.framework in Frameworks */ = {isa = PBXBuildFile; fileRef = D65C0E508F0DDA67A4091A31 /* Pods_HotGists_HotGistsUITests.framework */; };
/* End PBXBuildFile section */

/* Begin PBXContainerItemProxy section */
		54F5452927CA76EB00BD22A8 /* PBXContainerItemProxy */ = {
			isa = PBXContainerItemProxy;
			containerPortal = 54F5450A27CA76E900BD22A8 /* Project object */;
			proxyType = 1;
			remoteGlobalIDString = 54F5451127CA76E900BD22A8;
			remoteInfo = HotGists;
		};
		54F5453327CA76EB00BD22A8 /* PBXContainerItemProxy */ = {
			isa = PBXContainerItemProxy;
			containerPortal = 54F5450A27CA76E900BD22A8 /* Project object */;
			proxyType = 1;
			remoteGlobalIDString = 54F5451127CA76E900BD22A8;
			remoteInfo = HotGists;
		};
/* End PBXContainerItemProxy section */

/* Begin PBXFileReference section */
		07479E2FE5B83390771A0079 /* Pods-HotGistsTests.release.xcconfig */ = {isa = PBXFileReference; includeInIndex = 1; lastKnownFileType = text.xcconfig; name = "Pods-HotGistsTests.release.xcconfig"; path = "Target Support Files/Pods-HotGistsTests/Pods-HotGistsTests.release.xcconfig"; sourceTree = "<group>"; };
		4A670C5B9ACF74492ABFBC24 /* Pods_HotGists.framework */ = {isa = PBXFileReference; explicitFileType = wrapper.framework; includeInIndex = 0; path = Pods_HotGists.framework; sourceTree = BUILT_PRODUCTS_DIR; };
		4FAF82BF5A8D3803142BB209 /* Pods-HotGists.debug.xcconfig */ = {isa = PBXFileReference; includeInIndex = 1; lastKnownFileType = text.xcconfig; name = "Pods-HotGists.debug.xcconfig"; path = "Target Support Files/Pods-HotGists/Pods-HotGists.debug.xcconfig"; sourceTree = "<group>"; };
		54F5451227CA76E900BD22A8 /* HotGists.app */ = {isa = PBXFileReference; explicitFileType = wrapper.application; includeInIndex = 0; path = HotGists.app; sourceTree = BUILT_PRODUCTS_DIR; };
		54F5451527CA76E900BD22A8 /* AppDelegate.swift */ = {isa = PBXFileReference; lastKnownFileType = sourcecode.swift; path = AppDelegate.swift; sourceTree = "<group>"; };
		54F5451727CA76E900BD22A8 /* SceneDelegate.swift */ = {isa = PBXFileReference; lastKnownFileType = sourcecode.swift; path = SceneDelegate.swift; sourceTree = "<group>"; };
		54F5451927CA76E900BD22A8 /* ViewController.swift */ = {isa = PBXFileReference; lastKnownFileType = sourcecode.swift; path = ViewController.swift; sourceTree = "<group>"; };
		54F5451E27CA76EA00BD22A8 /* Assets.xcassets */ = {isa = PBXFileReference; lastKnownFileType = folder.assetcatalog; path = Assets.xcassets; sourceTree = "<group>"; };
		54F5452127CA76EA00BD22A8 /* Base */ = {isa = PBXFileReference; lastKnownFileType = file.storyboard; name = Base; path = Base.lproj/LaunchScreen.storyboard; sourceTree = "<group>"; };
		54F5452327CA76EA00BD22A8 /* Info.plist */ = {isa = PBXFileReference; lastKnownFileType = text.plist.xml; path = Info.plist; sourceTree = "<group>"; };
		54F5452827CA76EB00BD22A8 /* HotGistsTests.xctest */ = {isa = PBXFileReference; explicitFileType = wrapper.cfbundle; includeInIndex = 0; path = HotGistsTests.xctest; sourceTree = BUILT_PRODUCTS_DIR; };
		54F5452C27CA76EB00BD22A8 /* HotGistsTests.swift */ = {isa = PBXFileReference; lastKnownFileType = sourcecode.swift; path = HotGistsTests.swift; sourceTree = "<group>"; };
		54F5453227CA76EB00BD22A8 /* HotGistsUITests.xctest */ = {isa = PBXFileReference; explicitFileType = wrapper.cfbundle; includeInIndex = 0; path = HotGistsUITests.xctest; sourceTree = BUILT_PRODUCTS_DIR; };
		54F5453627CA76EB00BD22A8 /* HotGistsUITests.swift */ = {isa = PBXFileReference; lastKnownFileType = sourcecode.swift; path = HotGistsUITests.swift; sourceTree = "<group>"; };
		54F5453827CA76EB00BD22A8 /* HotGistsUITestsLaunchTests.swift */ = {isa = PBXFileReference; lastKnownFileType = sourcecode.swift; path = HotGistsUITestsLaunchTests.swift; sourceTree = "<group>"; };
		54F5454527CA782F00BD22A8 /* MainViewController.swift */ = {isa = PBXFileReference; lastKnownFileType = sourcecode.swift; path = MainViewController.swift; sourceTree = "<group>"; };
		6FA75F1EAC818B6557175B20 /* Pods-HotGists-HotGistsUITests.release.xcconfig */ = {isa = PBXFileReference; includeInIndex = 1; lastKnownFileType = text.xcconfig; name = "Pods-HotGists-HotGistsUITests.release.xcconfig"; path = "Target Support Files/Pods-HotGists-HotGistsUITests/Pods-HotGists-HotGistsUITests.release.xcconfig"; sourceTree = "<group>"; };
		C0216635510F61C7B91EEBAE /* Pods-HotGistsTests.debug.xcconfig */ = {isa = PBXFileReference; includeInIndex = 1; lastKnownFileType = text.xcconfig; name = "Pods-HotGistsTests.debug.xcconfig"; path = "Target Support Files/Pods-HotGistsTests/Pods-HotGistsTests.debug.xcconfig"; sourceTree = "<group>"; };
		D429FFA0C5B5B7E4D8842F3A /* Pods-HotGists.release.xcconfig */ = {isa = PBXFileReference; includeInIndex = 1; lastKnownFileType = text.xcconfig; name = "Pods-HotGists.release.xcconfig"; path = "Target Support Files/Pods-HotGists/Pods-HotGists.release.xcconfig"; sourceTree = "<group>"; };
		D65C0E508F0DDA67A4091A31 /* Pods_HotGists_HotGistsUITests.framework */ = {isa = PBXFileReference; explicitFileType = wrapper.framework; includeInIndex = 0; path = Pods_HotGists_HotGistsUITests.framework; sourceTree = BUILT_PRODUCTS_DIR; };
		DA7034D80491817BA6B04DB4 /* Pods-HotGists-HotGistsUITests.debug.xcconfig */ = {isa = PBXFileReference; includeInIndex = 1; lastKnownFileType = text.xcconfig; name = "Pods-HotGists-HotGistsUITests.debug.xcconfig"; path = "Target Support Files/Pods-HotGists-HotGistsUITests/Pods-HotGists-HotGistsUITests.debug.xcconfig"; sourceTree = "<group>"; };
		FAD20A6648A390F8E179E4D7 /* Pods_HotGistsTests.framework */ = {isa = PBXFileReference; explicitFileType = wrapper.framework; includeInIndex = 0; path = Pods_HotGistsTests.framework; sourceTree = BUILT_PRODUCTS_DIR; };
/* End PBXFileReference section */

/* Begin PBXFrameworksBuildPhase section */
		54F5450F27CA76E900BD22A8 /* Frameworks */ = {
			isa = PBXFrameworksBuildPhase;
			buildActionMask = 2147483647;
			files = (
				A1770363686AD9DAF9184551 /* Pods_HotGists.framework in Frameworks */,
			);
			runOnlyForDeploymentPostprocessing = 0;
		};
		54F5452527CA76EB00BD22A8 /* Frameworks */ = {
			isa = PBXFrameworksBuildPhase;
			buildActionMask = 2147483647;
			files = (
				4BAF3A76EAF2E45344746B2D /* Pods_HotGistsTests.framework in Frameworks */,
			);
			runOnlyForDeploymentPostprocessing = 0;
		};
		54F5452F27CA76EB00BD22A8 /* Frameworks */ = {
			isa = PBXFrameworksBuildPhase;
			buildActionMask = 2147483647;
			files = (
				C82089FB36FA1C2F57412404 /* Pods_HotGists_HotGistsUITests.framework in Frameworks */,
			);
			runOnlyForDeploymentPostprocessing = 0;
		};
/* End PBXFrameworksBuildPhase section */

/* Begin PBXGroup section */
		0C3997BE2E5334DB2473D3DD /* Pods */ = {
			isa = PBXGroup;
			children = (
				4FAF82BF5A8D3803142BB209 /* Pods-HotGists.debug.xcconfig */,
				D429FFA0C5B5B7E4D8842F3A /* Pods-HotGists.release.xcconfig */,
				DA7034D80491817BA6B04DB4 /* Pods-HotGists-HotGistsUITests.debug.xcconfig */,
				6FA75F1EAC818B6557175B20 /* Pods-HotGists-HotGistsUITests.release.xcconfig */,
				C0216635510F61C7B91EEBAE /* Pods-HotGistsTests.debug.xcconfig */,
				07479E2FE5B83390771A0079 /* Pods-HotGistsTests.release.xcconfig */,
			);
			path = Pods;
			sourceTree = "<group>";
		};
		54AD319227CA7D4A00E25A90 /* ViewModel */ = {
			isa = PBXGroup;
			children = (
			);
			path = ViewModel;
			sourceTree = "<group>";
		};
		54AD319327CA7D5300E25A90 /* Model */ = {
			isa = PBXGroup;
			children = (
			);
			path = Model;
			sourceTree = "<group>";
		};
		54F5450927CA76E900BD22A8 = {
			isa = PBXGroup;
			children = (
				54F5451427CA76E900BD22A8 /* HotGists */,
				54F5452B27CA76EB00BD22A8 /* HotGistsTests */,
				54F5453527CA76EB00BD22A8 /* HotGistsUITests */,
				54F5451327CA76E900BD22A8 /* Products */,
				0C3997BE2E5334DB2473D3DD /* Pods */,
				FF6E8852802AF71A84CAC36E /* Frameworks */,
			);
			sourceTree = "<group>";
		};
		54F5451327CA76E900BD22A8 /* Products */ = {
			isa = PBXGroup;
			children = (
				54F5451227CA76E900BD22A8 /* HotGists.app */,
				54F5452827CA76EB00BD22A8 /* HotGistsTests.xctest */,
				54F5453227CA76EB00BD22A8 /* HotGistsUITests.xctest */,
			);
			name = Products;
			sourceTree = "<group>";
		};
		54F5451427CA76E900BD22A8 /* HotGists */ = {
			isa = PBXGroup;
			children = (
				54AD319327CA7D5300E25A90 /* Model */,
				54AD319227CA7D4A00E25A90 /* ViewModel */,
				54F5454727CA79CE00BD22A8 /* View */,
				54F5451527CA76E900BD22A8 /* AppDelegate.swift */,
				54F5451727CA76E900BD22A8 /* SceneDelegate.swift */,
				54F5451927CA76E900BD22A8 /* ViewController.swift */,
				54F5451E27CA76EA00BD22A8 /* Assets.xcassets */,
				54F5452027CA76EA00BD22A8 /* LaunchScreen.storyboard */,
				54F5452327CA76EA00BD22A8 /* Info.plist */,
			);
			path = HotGists;
			sourceTree = "<group>";
		};
		54F5452B27CA76EB00BD22A8 /* HotGistsTests */ = {
			isa = PBXGroup;
			children = (
				54F5452C27CA76EB00BD22A8 /* HotGistsTests.swift */,
			);
			path = HotGistsTests;
			sourceTree = "<group>";
		};
		54F5453527CA76EB00BD22A8 /* HotGistsUITests */ = {
			isa = PBXGroup;
			children = (
				54F5453627CA76EB00BD22A8 /* HotGistsUITests.swift */,
				54F5453827CA76EB00BD22A8 /* HotGistsUITestsLaunchTests.swift */,
			);
			path = HotGistsUITests;
			sourceTree = "<group>";
		};
		54F5454727CA79CE00BD22A8 /* View */ = {
			isa = PBXGroup;
			children = (
				54F5454527CA782F00BD22A8 /* MainViewController.swift */,
			);
			path = View;
			sourceTree = "<group>";
		};
		FF6E8852802AF71A84CAC36E /* Frameworks */ = {
			isa = PBXGroup;
			children = (
				4A670C5B9ACF74492ABFBC24 /* Pods_HotGists.framework */,
				D65C0E508F0DDA67A4091A31 /* Pods_HotGists_HotGistsUITests.framework */,
				FAD20A6648A390F8E179E4D7 /* Pods_HotGistsTests.framework */,
			);
			name = Frameworks;
			sourceTree = "<group>";
		};
/* End PBXGroup section */

/* Begin PBXNativeTarget section */
		54F5451127CA76E900BD22A8 /* HotGists */ = {
			isa = PBXNativeTarget;
			buildConfigurationList = 54F5453C27CA76EB00BD22A8 /* Build configuration list for PBXNativeTarget "HotGists" */;
			buildPhases = (
				22ADD453F8CF6BE2BC2B128E /* [CP] Check Pods Manifest.lock */,
				54F5450E27CA76E900BD22A8 /* Sources */,
				54F5450F27CA76E900BD22A8 /* Frameworks */,
				54F5451027CA76E900BD22A8 /* Resources */,
				E3E2C016AD60F669604B8E3F /* [CP] Embed Pods Frameworks */,
			);
			buildRules = (
			);
			dependencies = (
			);
			name = HotGists;
			productName = HotGists;
			productReference = 54F5451227CA76E900BD22A8 /* HotGists.app */;
			productType = "com.apple.product-type.application";
		};
		54F5452727CA76EB00BD22A8 /* HotGistsTests */ = {
			isa = PBXNativeTarget;
			buildConfigurationList = 54F5453F27CA76EB00BD22A8 /* Build configuration list for PBXNativeTarget "HotGistsTests" */;
			buildPhases = (
				29E9CFEF41D67570F4768B6D /* [CP] Check Pods Manifest.lock */,
				54F5452427CA76EB00BD22A8 /* Sources */,
				54F5452527CA76EB00BD22A8 /* Frameworks */,
				54F5452627CA76EB00BD22A8 /* Resources */,
				FC9D1F77EA88300291D2565E /* [CP] Embed Pods Frameworks */,
			);
			buildRules = (
			);
			dependencies = (
				54F5452A27CA76EB00BD22A8 /* PBXTargetDependency */,
			);
			name = HotGistsTests;
			productName = HotGistsTests;
			productReference = 54F5452827CA76EB00BD22A8 /* HotGistsTests.xctest */;
			productType = "com.apple.product-type.bundle.unit-test";
		};
		54F5453127CA76EB00BD22A8 /* HotGistsUITests */ = {
			isa = PBXNativeTarget;
			buildConfigurationList = 54F5454227CA76EB00BD22A8 /* Build configuration list for PBXNativeTarget "HotGistsUITests" */;
			buildPhases = (
				7D872CF56A436E4D23BE8C83 /* [CP] Check Pods Manifest.lock */,
				54F5452E27CA76EB00BD22A8 /* Sources */,
				54F5452F27CA76EB00BD22A8 /* Frameworks */,
				54F5453027CA76EB00BD22A8 /* Resources */,
				E5B8C0E244462E101CDCB839 /* [CP] Embed Pods Frameworks */,
			);
			buildRules = (
			);
			dependencies = (
				54F5453427CA76EB00BD22A8 /* PBXTargetDependency */,
			);
			name = HotGistsUITests;
			productName = HotGistsUITests;
			productReference = 54F5453227CA76EB00BD22A8 /* HotGistsUITests.xctest */;
			productType = "com.apple.product-type.bundle.ui-testing";
		};
/* End PBXNativeTarget section */

/* Begin PBXProject section */
		54F5450A27CA76E900BD22A8 /* Project object */ = {
			isa = PBXProject;
			attributes = {
				BuildIndependentTargetsInParallel = 1;
				LastSwiftUpdateCheck = 1320;
				LastUpgradeCheck = 1320;
				TargetAttributes = {
					54F5451127CA76E900BD22A8 = {
						CreatedOnToolsVersion = 13.2.1;
					};
					54F5452727CA76EB00BD22A8 = {
						CreatedOnToolsVersion = 13.2.1;
						TestTargetID = 54F5451127CA76E900BD22A8;
					};
					54F5453127CA76EB00BD22A8 = {
						CreatedOnToolsVersion = 13.2.1;
						TestTargetID = 54F5451127CA76E900BD22A8;
					};
				};
			};
			buildConfigurationList = 54F5450D27CA76E900BD22A8 /* Build configuration list for PBXProject "HotGists" */;
			compatibilityVersion = "Xcode 13.0";
			developmentRegion = en;
			hasScannedForEncodings = 0;
			knownRegions = (
				en,
				Base,
			);
			mainGroup = 54F5450927CA76E900BD22A8;
			productRefGroup = 54F5451327CA76E900BD22A8 /* Products */;
			projectDirPath = "";
			projectRoot = "";
			targets = (
				54F5451127CA76E900BD22A8 /* HotGists */,
				54F5452727CA76EB00BD22A8 /* HotGistsTests */,
				54F5453127CA76EB00BD22A8 /* HotGistsUITests */,
			);
		};
/* End PBXProject section */

/* Begin PBXResourcesBuildPhase section */
		54F5451027CA76E900BD22A8 /* Resources */ = {
			isa = PBXResourcesBuildPhase;
			buildActionMask = 2147483647;
			files = (
				54F5452227CA76EA00BD22A8 /* LaunchScreen.storyboard in Resources */,
				54F5451F27CA76EA00BD22A8 /* Assets.xcassets in Resources */,
			);
			runOnlyForDeploymentPostprocessing = 0;
		};
		54F5452627CA76EB00BD22A8 /* Resources */ = {
			isa = PBXResourcesBuildPhase;
			buildActionMask = 2147483647;
			files = (
			);
			runOnlyForDeploymentPostprocessing = 0;
		};
		54F5453027CA76EB00BD22A8 /* Resources */ = {
			isa = PBXResourcesBuildPhase;
			buildActionMask = 2147483647;
			files = (
			);
			runOnlyForDeploymentPostprocessing = 0;
		};
/* End PBXResourcesBuildPhase section */

/* Begin PBXShellScriptBuildPhase section */
		22ADD453F8CF6BE2BC2B128E /* [CP] Check Pods Manifest.lock */ = {
			isa = PBXShellScriptBuildPhase;
			buildActionMask = 2147483647;
			files = (
			);
			inputFileListPaths = (
			);
			inputPaths = (
				"${PODS_PODFILE_DIR_PATH}/Podfile.lock",
				"${PODS_ROOT}/Manifest.lock",
			);
			name = "[CP] Check Pods Manifest.lock";
			outputFileListPaths = (
			);
			outputPaths = (
				"$(DERIVED_FILE_DIR)/Pods-HotGists-checkManifestLockResult.txt",
			);
			runOnlyForDeploymentPostprocessing = 0;
			shellPath = /bin/sh;
			shellScript = "diff \"${PODS_PODFILE_DIR_PATH}/Podfile.lock\" \"${PODS_ROOT}/Manifest.lock\" > /dev/null\nif [ $? != 0 ] ; then\n    # print error to STDERR\n    echo \"error: The sandbox is not in sync with the Podfile.lock. Run 'pod install' or update your CocoaPods installation.\" >&2\n    exit 1\nfi\n# This output is used by Xcode 'outputs' to avoid re-running this script phase.\necho \"SUCCESS\" > \"${SCRIPT_OUTPUT_FILE_0}\"\n";
			showEnvVarsInLog = 0;
		};
		29E9CFEF41D67570F4768B6D /* [CP] Check Pods Manifest.lock */ = {
			isa = PBXShellScriptBuildPhase;
			buildActionMask = 2147483647;
			files = (
			);
			inputFileListPaths = (
			);
			inputPaths = (
				"${PODS_PODFILE_DIR_PATH}/Podfile.lock",
				"${PODS_ROOT}/Manifest.lock",
			);
			name = "[CP] Check Pods Manifest.lock";
			outputFileListPaths = (
			);
			outputPaths = (
				"$(DERIVED_FILE_DIR)/Pods-HotGistsTests-checkManifestLockResult.txt",
			);
			runOnlyForDeploymentPostprocessing = 0;
			shellPath = /bin/sh;
			shellScript = "diff \"${PODS_PODFILE_DIR_PATH}/Podfile.lock\" \"${PODS_ROOT}/Manifest.lock\" > /dev/null\nif [ $? != 0 ] ; then\n    # print error to STDERR\n    echo \"error: The sandbox is not in sync with the Podfile.lock. Run 'pod install' or update your CocoaPods installation.\" >&2\n    exit 1\nfi\n# This output is used by Xcode 'outputs' to avoid re-running this script phase.\necho \"SUCCESS\" > \"${SCRIPT_OUTPUT_FILE_0}\"\n";
			showEnvVarsInLog = 0;
		};
		7D872CF56A436E4D23BE8C83 /* [CP] Check Pods Manifest.lock */ = {
			isa = PBXShellScriptBuildPhase;
			buildActionMask = 2147483647;
			files = (
			);
			inputFileListPaths = (
			);
			inputPaths = (
				"${PODS_PODFILE_DIR_PATH}/Podfile.lock",
				"${PODS_ROOT}/Manifest.lock",
			);
			name = "[CP] Check Pods Manifest.lock";
			outputFileListPaths = (
			);
			outputPaths = (
				"$(DERIVED_FILE_DIR)/Pods-HotGists-HotGistsUITests-checkManifestLockResult.txt",
			);
			runOnlyForDeploymentPostprocessing = 0;
			shellPath = /bin/sh;
			shellScript = "diff \"${PODS_PODFILE_DIR_PATH}/Podfile.lock\" \"${PODS_ROOT}/Manifest.lock\" > /dev/null\nif [ $? != 0 ] ; then\n    # print error to STDERR\n    echo \"error: The sandbox is not in sync with the Podfile.lock. Run 'pod install' or update your CocoaPods installation.\" >&2\n    exit 1\nfi\n# This output is used by Xcode 'outputs' to avoid re-running this script phase.\necho \"SUCCESS\" > \"${SCRIPT_OUTPUT_FILE_0}\"\n";
			showEnvVarsInLog = 0;
		};
		E3E2C016AD60F669604B8E3F /* [CP] Embed Pods Frameworks */ = {
			isa = PBXShellScriptBuildPhase;
			buildActionMask = 2147483647;
			files = (
			);
			inputFileListPaths = (
				"${PODS_ROOT}/Target Support Files/Pods-HotGists/Pods-HotGists-frameworks-${CONFIGURATION}-input-files.xcfilelist",
			);
			name = "[CP] Embed Pods Frameworks";
			outputFileListPaths = (
				"${PODS_ROOT}/Target Support Files/Pods-HotGists/Pods-HotGists-frameworks-${CONFIGURATION}-output-files.xcfilelist",
			);
			runOnlyForDeploymentPostprocessing = 0;
			shellPath = /bin/sh;
			shellScript = "\"${PODS_ROOT}/Target Support Files/Pods-HotGists/Pods-HotGists-frameworks.sh\"\n";
			showEnvVarsInLog = 0;
		};
		E5B8C0E244462E101CDCB839 /* [CP] Embed Pods Frameworks */ = {
			isa = PBXShellScriptBuildPhase;
			buildActionMask = 2147483647;
			files = (
			);
			inputFileListPaths = (
				"${PODS_ROOT}/Target Support Files/Pods-HotGists-HotGistsUITests/Pods-HotGists-HotGistsUITests-frameworks-${CONFIGURATION}-input-files.xcfilelist",
			);
			name = "[CP] Embed Pods Frameworks";
			outputFileListPaths = (
				"${PODS_ROOT}/Target Support Files/Pods-HotGists-HotGistsUITests/Pods-HotGists-HotGistsUITests-frameworks-${CONFIGURATION}-output-files.xcfilelist",
			);
			runOnlyForDeploymentPostprocessing = 0;
			shellPath = /bin/sh;
			shellScript = "\"${PODS_ROOT}/Target Support Files/Pods-HotGists-HotGistsUITests/Pods-HotGists-HotGistsUITests-frameworks.sh\"\n";
			showEnvVarsInLog = 0;
		};
		FC9D1F77EA88300291D2565E /* [CP] Embed Pods Frameworks */ = {
			isa = PBXShellScriptBuildPhase;
			buildActionMask = 2147483647;
			files = (
			);
			inputFileListPaths = (
				"${PODS_ROOT}/Target Support Files/Pods-HotGistsTests/Pods-HotGistsTests-frameworks-${CONFIGURATION}-input-files.xcfilelist",
			);
			name = "[CP] Embed Pods Frameworks";
			outputFileListPaths = (
				"${PODS_ROOT}/Target Support Files/Pods-HotGistsTests/Pods-HotGistsTests-frameworks-${CONFIGURATION}-output-files.xcfilelist",
			);
			runOnlyForDeploymentPostprocessing = 0;
			shellPath = /bin/sh;
			shellScript = "\"${PODS_ROOT}/Target Support Files/Pods-HotGistsTests/Pods-HotGistsTests-frameworks.sh\"\n";
			showEnvVarsInLog = 0;
		};
/* End PBXShellScriptBuildPhase section */

/* Begin PBXSourcesBuildPhase section */
		54F5450E27CA76E900BD22A8 /* Sources */ = {
			isa = PBXSourcesBuildPhase;
			buildActionMask = 2147483647;
			files = (
				54F5451A27CA76E900BD22A8 /* ViewController.swift in Sources */,
				54F5451627CA76E900BD22A8 /* AppDelegate.swift in Sources */,
				54F5451827CA76E900BD22A8 /* SceneDelegate.swift in Sources */,
				54F5454627CA782F00BD22A8 /* MainViewController.swift in Sources */,
			);
			runOnlyForDeploymentPostprocessing = 0;
		};
		54F5452427CA76EB00BD22A8 /* Sources */ = {
			isa = PBXSourcesBuildPhase;
			buildActionMask = 2147483647;
			files = (
				54F5452D27CA76EB00BD22A8 /* HotGistsTests.swift in Sources */,
			);
			runOnlyForDeploymentPostprocessing = 0;
		};
		54F5452E27CA76EB00BD22A8 /* Sources */ = {
			isa = PBXSourcesBuildPhase;
			buildActionMask = 2147483647;
			files = (
				54F5453927CA76EB00BD22A8 /* HotGistsUITestsLaunchTests.swift in Sources */,
				54F5453727CA76EB00BD22A8 /* HotGistsUITests.swift in Sources */,
			);
			runOnlyForDeploymentPostprocessing = 0;
		};
/* End PBXSourcesBuildPhase section */

/* Begin PBXTargetDependency section */
		54F5452A27CA76EB00BD22A8 /* PBXTargetDependency */ = {
			isa = PBXTargetDependency;
			target = 54F5451127CA76E900BD22A8 /* HotGists */;
			targetProxy = 54F5452927CA76EB00BD22A8 /* PBXContainerItemProxy */;
		};
		54F5453427CA76EB00BD22A8 /* PBXTargetDependency */ = {
			isa = PBXTargetDependency;
			target = 54F5451127CA76E900BD22A8 /* HotGists */;
			targetProxy = 54F5453327CA76EB00BD22A8 /* PBXContainerItemProxy */;
		};
/* End PBXTargetDependency section */

/* Begin PBXVariantGroup section */
		54F5452027CA76EA00BD22A8 /* LaunchScreen.storyboard */ = {
			isa = PBXVariantGroup;
			children = (
				54F5452127CA76EA00BD22A8 /* Base */,
			);
			name = LaunchScreen.storyboard;
			sourceTree = "<group>";
		};
/* End PBXVariantGroup section */

/* Begin XCBuildConfiguration section */
		54F5453A27CA76EB00BD22A8 /* Debug */ = {
			isa = XCBuildConfiguration;
			buildSettings = {
				ALWAYS_SEARCH_USER_PATHS = NO;
				CLANG_ANALYZER_NONNULL = YES;
				CLANG_ANALYZER_NUMBER_OBJECT_CONVERSION = YES_AGGRESSIVE;
				CLANG_CXX_LANGUAGE_STANDARD = "gnu++17";
				CLANG_CXX_LIBRARY = "libc++";
				CLANG_ENABLE_MODULES = YES;
				CLANG_ENABLE_OBJC_ARC = YES;
				CLANG_ENABLE_OBJC_WEAK = YES;
				CLANG_WARN_BLOCK_CAPTURE_AUTORELEASING = YES;
				CLANG_WARN_BOOL_CONVERSION = YES;
				CLANG_WARN_COMMA = YES;
				CLANG_WARN_CONSTANT_CONVERSION = YES;
				CLANG_WARN_DEPRECATED_OBJC_IMPLEMENTATIONS = YES;
				CLANG_WARN_DIRECT_OBJC_ISA_USAGE = YES_ERROR;
				CLANG_WARN_DOCUMENTATION_COMMENTS = YES;
				CLANG_WARN_EMPTY_BODY = YES;
				CLANG_WARN_ENUM_CONVERSION = YES;
				CLANG_WARN_INFINITE_RECURSION = YES;
				CLANG_WARN_INT_CONVERSION = YES;
				CLANG_WARN_NON_LITERAL_NULL_CONVERSION = YES;
				CLANG_WARN_OBJC_IMPLICIT_RETAIN_SELF = YES;
				CLANG_WARN_OBJC_LITERAL_CONVERSION = YES;
				CLANG_WARN_OBJC_ROOT_CLASS = YES_ERROR;
				CLANG_WARN_QUOTED_INCLUDE_IN_FRAMEWORK_HEADER = YES;
				CLANG_WARN_RANGE_LOOP_ANALYSIS = YES;
				CLANG_WARN_STRICT_PROTOTYPES = YES;
				CLANG_WARN_SUSPICIOUS_MOVE = YES;
				CLANG_WARN_UNGUARDED_AVAILABILITY = YES_AGGRESSIVE;
				CLANG_WARN_UNREACHABLE_CODE = YES;
				CLANG_WARN__DUPLICATE_METHOD_MATCH = YES;
				COPY_PHASE_STRIP = NO;
				DEBUG_INFORMATION_FORMAT = dwarf;
				ENABLE_STRICT_OBJC_MSGSEND = YES;
				ENABLE_TESTABILITY = YES;
				GCC_C_LANGUAGE_STANDARD = gnu11;
				GCC_DYNAMIC_NO_PIC = NO;
				GCC_NO_COMMON_BLOCKS = YES;
				GCC_OPTIMIZATION_LEVEL = 0;
				GCC_PREPROCESSOR_DEFINITIONS = (
					"DEBUG=1",
					"$(inherited)",
				);
				GCC_WARN_64_TO_32_BIT_CONVERSION = YES;
				GCC_WARN_ABOUT_RETURN_TYPE = YES_ERROR;
				GCC_WARN_UNDECLARED_SELECTOR = YES;
				GCC_WARN_UNINITIALIZED_AUTOS = YES_AGGRESSIVE;
				GCC_WARN_UNUSED_FUNCTION = YES;
				GCC_WARN_UNUSED_VARIABLE = YES;
				IPHONEOS_DEPLOYMENT_TARGET = 15.2;
				MTL_ENABLE_DEBUG_INFO = INCLUDE_SOURCE;
				MTL_FAST_MATH = YES;
				ONLY_ACTIVE_ARCH = YES;
				SDKROOT = iphoneos;
				SWIFT_ACTIVE_COMPILATION_CONDITIONS = DEBUG;
				SWIFT_OPTIMIZATION_LEVEL = "-Onone";
			};
			name = Debug;
		};
		54F5453B27CA76EB00BD22A8 /* Release */ = {
			isa = XCBuildConfiguration;
			buildSettings = {
				ALWAYS_SEARCH_USER_PATHS = NO;
				CLANG_ANALYZER_NONNULL = YES;
				CLANG_ANALYZER_NUMBER_OBJECT_CONVERSION = YES_AGGRESSIVE;
				CLANG_CXX_LANGUAGE_STANDARD = "gnu++17";
				CLANG_CXX_LIBRARY = "libc++";
				CLANG_ENABLE_MODULES = YES;
				CLANG_ENABLE_OBJC_ARC = YES;
				CLANG_ENABLE_OBJC_WEAK = YES;
				CLANG_WARN_BLOCK_CAPTURE_AUTORELEASING = YES;
				CLANG_WARN_BOOL_CONVERSION = YES;
				CLANG_WARN_COMMA = YES;
				CLANG_WARN_CONSTANT_CONVERSION = YES;
				CLANG_WARN_DEPRECATED_OBJC_IMPLEMENTATIONS = YES;
				CLANG_WARN_DIRECT_OBJC_ISA_USAGE = YES_ERROR;
				CLANG_WARN_DOCUMENTATION_COMMENTS = YES;
				CLANG_WARN_EMPTY_BODY = YES;
				CLANG_WARN_ENUM_CONVERSION = YES;
				CLANG_WARN_INFINITE_RECURSION = YES;
				CLANG_WARN_INT_CONVERSION = YES;
				CLANG_WARN_NON_LITERAL_NULL_CONVERSION = YES;
				CLANG_WARN_OBJC_IMPLICIT_RETAIN_SELF = YES;
				CLANG_WARN_OBJC_LITERAL_CONVERSION = YES;
				CLANG_WARN_OBJC_ROOT_CLASS = YES_ERROR;
				CLANG_WARN_QUOTED_INCLUDE_IN_FRAMEWORK_HEADER = YES;
				CLANG_WARN_RANGE_LOOP_ANALYSIS = YES;
				CLANG_WARN_STRICT_PROTOTYPES = YES;
				CLANG_WARN_SUSPICIOUS_MOVE = YES;
				CLANG_WARN_UNGUARDED_AVAILABILITY = YES_AGGRESSIVE;
				CLANG_WARN_UNREACHABLE_CODE = YES;
				CLANG_WARN__DUPLICATE_METHOD_MATCH = YES;
				COPY_PHASE_STRIP = NO;
				DEBUG_INFORMATION_FORMAT = "dwarf-with-dsym";
				ENABLE_NS_ASSERTIONS = NO;
				ENABLE_STRICT_OBJC_MSGSEND = YES;
				GCC_C_LANGUAGE_STANDARD = gnu11;
				GCC_NO_COMMON_BLOCKS = YES;
				GCC_WARN_64_TO_32_BIT_CONVERSION = YES;
				GCC_WARN_ABOUT_RETURN_TYPE = YES_ERROR;
				GCC_WARN_UNDECLARED_SELECTOR = YES;
				GCC_WARN_UNINITIALIZED_AUTOS = YES_AGGRESSIVE;
				GCC_WARN_UNUSED_FUNCTION = YES;
				GCC_WARN_UNUSED_VARIABLE = YES;
				IPHONEOS_DEPLOYMENT_TARGET = 15.2;
				MTL_ENABLE_DEBUG_INFO = NO;
				MTL_FAST_MATH = YES;
				SDKROOT = iphoneos;
				SWIFT_COMPILATION_MODE = wholemodule;
				SWIFT_OPTIMIZATION_LEVEL = "-O";
				VALIDATE_PRODUCT = YES;
			};
			name = Release;
		};
		54F5453D27CA76EB00BD22A8 /* Debug */ = {
			isa = XCBuildConfiguration;
			baseConfigurationReference = 4FAF82BF5A8D3803142BB209 /* Pods-HotGists.debug.xcconfig */;
			buildSettings = {
				ASSETCATALOG_COMPILER_APPICON_NAME = AppIcon;
				ASSETCATALOG_COMPILER_GLOBAL_ACCENT_COLOR_NAME = AccentColor;
				CODE_SIGN_STYLE = Automatic;
				CURRENT_PROJECT_VERSION = 1;
				GENERATE_INFOPLIST_FILE = YES;
				INFOPLIST_FILE = HotGists/Info.plist;
				INFOPLIST_KEY_UIApplicationSupportsIndirectInputEvents = YES;
				INFOPLIST_KEY_UILaunchStoryboardName = LaunchScreen;
				INFOPLIST_KEY_UISupportedInterfaceOrientations_iPad = "UIInterfaceOrientationPortrait UIInterfaceOrientationPortraitUpsideDown UIInterfaceOrientationLandscapeLeft UIInterfaceOrientationLandscapeRight";
				INFOPLIST_KEY_UISupportedInterfaceOrientations_iPhone = "UIInterfaceOrientationPortrait UIInterfaceOrientationLandscapeLeft UIInterfaceOrientationLandscapeRight";
				LD_RUNPATH_SEARCH_PATHS = (
					"$(inherited)",
					"@executable_path/Frameworks",
				);
				MARKETING_VERSION = 1.0;
				PRODUCT_BUNDLE_IDENTIFIER = com.bhzhong.ios.HotGists;
				PRODUCT_NAME = "$(TARGET_NAME)";
				SWIFT_EMIT_LOC_STRINGS = YES;
				SWIFT_VERSION = 5.0;
				TARGETED_DEVICE_FAMILY = 1;
			};
			name = Debug;
		};
		54F5453E27CA76EB00BD22A8 /* Release */ = {
			isa = XCBuildConfiguration;
			baseConfigurationReference = D429FFA0C5B5B7E4D8842F3A /* Pods-HotGists.release.xcconfig */;
			buildSettings = {
				ASSETCATALOG_COMPILER_APPICON_NAME = AppIcon;
				ASSETCATALOG_COMPILER_GLOBAL_ACCENT_COLOR_NAME = AccentColor;
				CODE_SIGN_STYLE = Automatic;
				CURRENT_PROJECT_VERSION = 1;
				GENERATE_INFOPLIST_FILE = YES;
				INFOPLIST_FILE = HotGists/Info.plist;
				INFOPLIST_KEY_UIApplicationSupportsIndirectInputEvents = YES;
				INFOPLIST_KEY_UILaunchStoryboardName = LaunchScreen;
				INFOPLIST_KEY_UISupportedInterfaceOrientations_iPad = "UIInterfaceOrientationPortrait UIInterfaceOrientationPortraitUpsideDown UIInterfaceOrientationLandscapeLeft UIInterfaceOrientationLandscapeRight";
				INFOPLIST_KEY_UISupportedInterfaceOrientations_iPhone = "UIInterfaceOrientationPortrait UIInterfaceOrientationLandscapeLeft UIInterfaceOrientationLandscapeRight";
				LD_RUNPATH_SEARCH_PATHS = (
					"$(inherited)",
					"@executable_path/Frameworks",
				);
				MARKETING_VERSION = 1.0;
				PRODUCT_BUNDLE_IDENTIFIER = com.bhzhong.ios.HotGists;
				PRODUCT_NAME = "$(TARGET_NAME)";
				SWIFT_EMIT_LOC_STRINGS = YES;
				SWIFT_VERSION = 5.0;
				TARGETED_DEVICE_FAMILY = 1;
			};
			name = Release;
		};
		54F5454027CA76EB00BD22A8 /* Debug */ = {
			isa = XCBuildConfiguration;
			baseConfigurationReference = C0216635510F61C7B91EEBAE /* Pods-HotGistsTests.debug.xcconfig */;
			buildSettings = {
				ALWAYS_EMBED_SWIFT_STANDARD_LIBRARIES = YES;
				BUNDLE_LOADER = "$(TEST_HOST)";
				CODE_SIGN_STYLE = Automatic;
				CURRENT_PROJECT_VERSION = 1;
				GENERATE_INFOPLIST_FILE = YES;
				IPHONEOS_DEPLOYMENT_TARGET = 15.2;
				MARKETING_VERSION = 1.0;
				PRODUCT_BUNDLE_IDENTIFIER = com.bhzhong.ios.HotGistsTests;
				PRODUCT_NAME = "$(TARGET_NAME)";
				SWIFT_EMIT_LOC_STRINGS = NO;
				SWIFT_VERSION = 5.0;
				TARGETED_DEVICE_FAMILY = "1,2";
				TEST_HOST = "$(BUILT_PRODUCTS_DIR)/HotGists.app/HotGists";
			};
			name = Debug;
		};
		54F5454127CA76EB00BD22A8 /* Release */ = {
			isa = XCBuildConfiguration;
			baseConfigurationReference = 07479E2FE5B83390771A0079 /* Pods-HotGistsTests.release.xcconfig */;
			buildSettings = {
				ALWAYS_EMBED_SWIFT_STANDARD_LIBRARIES = YES;
				BUNDLE_LOADER = "$(TEST_HOST)";
				CODE_SIGN_STYLE = Automatic;
				CURRENT_PROJECT_VERSION = 1;
				GENERATE_INFOPLIST_FILE = YES;
				IPHONEOS_DEPLOYMENT_TARGET = 15.2;
				MARKETING_VERSION = 1.0;
				PRODUCT_BUNDLE_IDENTIFIER = com.bhzhong.ios.HotGistsTests;
				PRODUCT_NAME = "$(TARGET_NAME)";
				SWIFT_EMIT_LOC_STRINGS = NO;
				SWIFT_VERSION = 5.0;
				TARGETED_DEVICE_FAMILY = "1,2";
				TEST_HOST = "$(BUILT_PRODUCTS_DIR)/HotGists.app/HotGists";
			};
			name = Release;
		};
		54F5454327CA76EB00BD22A8 /* Debug */ = {
			isa = XCBuildConfiguration;
			baseConfigurationReference = DA7034D80491817BA6B04DB4 /* Pods-HotGists-HotGistsUITests.debug.xcconfig */;
			buildSettings = {
				ALWAYS_EMBED_SWIFT_STANDARD_LIBRARIES = YES;
				CODE_SIGN_STYLE = Automatic;
				CURRENT_PROJECT_VERSION = 1;
				GENERATE_INFOPLIST_FILE = YES;
				MARKETING_VERSION = 1.0;
				PRODUCT_BUNDLE_IDENTIFIER = com.bhzhong.ios.HotGistsUITests;
				PRODUCT_NAME = "$(TARGET_NAME)";
				SWIFT_EMIT_LOC_STRINGS = NO;
				SWIFT_VERSION = 5.0;
				TARGETED_DEVICE_FAMILY = "1,2";
				TEST_TARGET_NAME = HotGists;
			};
			name = Debug;
		};
		54F5454427CA76EB00BD22A8 /* Release */ = {
			isa = XCBuildConfiguration;
			baseConfigurationReference = 6FA75F1EAC818B6557175B20 /* Pods-HotGists-HotGistsUITests.release.xcconfig */;
			buildSettings = {
				ALWAYS_EMBED_SWIFT_STANDARD_LIBRARIES = YES;
				CODE_SIGN_STYLE = Automatic;
				CURRENT_PROJECT_VERSION = 1;
				GENERATE_INFOPLIST_FILE = YES;
				MARKETING_VERSION = 1.0;
				PRODUCT_BUNDLE_IDENTIFIER = com.bhzhong.ios.HotGistsUITests;
				PRODUCT_NAME = "$(TARGET_NAME)";
				SWIFT_EMIT_LOC_STRINGS = NO;
				SWIFT_VERSION = 5.0;
				TARGETED_DEVICE_FAMILY = "1,2";
				TEST_TARGET_NAME = HotGists;
			};
			name = Release;
		};
/* End XCBuildConfiguration section */

/* Begin XCConfigurationList section */
		54F5450D27CA76E900BD22A8 /* Build configuration list for PBXProject "HotGists" */ = {
			isa = XCConfigurationList;
			buildConfigurations = (
				54F5453A27CA76EB00BD22A8 /* Debug */,
				54F5453B27CA76EB00BD22A8 /* Release */,
			);
			defaultConfigurationIsVisible = 0;
			defaultConfigurationName = Release;
		};
		54F5453C27CA76EB00BD22A8 /* Build configuration list for PBXNativeTarget "HotGists" */ = {
			isa = XCConfigurationList;
			buildConfigurations = (
				54F5453D27CA76EB00BD22A8 /* Debug */,
				54F5453E27CA76EB00BD22A8 /* Release */,
			);
			defaultConfigurationIsVisible = 0;
			defaultConfigurationName = Release;
		};
		54F5453F27CA76EB00BD22A8 /* Build configuration list for PBXNativeTarget "HotGistsTests" */ = {
			isa = XCConfigurationList;
			buildConfigurations = (
				54F5454027CA76EB00BD22A8 /* Debug */,
				54F5454127CA76EB00BD22A8 /* Release */,
			);
			defaultConfigurationIsVisible = 0;
			defaultConfigurationName = Release;
		};
		54F5454227CA76EB00BD22A8 /* Build configuration list for PBXNativeTarget "HotGistsUITests" */ = {
			isa = XCConfigurationList;
			buildConfigurations = (
				54F5454327CA76EB00BD22A8 /* Debug */,
				54F5454427CA76EB00BD22A8 /* Release */,
			);
			defaultConfigurationIsVisible = 0;
			defaultConfigurationName = Release;
		};
/* End XCConfigurationList section */
	};
	rootObject = 54F5450A27CA76E900BD22A8 /* Project object */;
}
